<?xml version="1.0" encoding="utf-8"?>
<Project ToolsVersion="4.0" xmlns="http://schemas.microsoft.com/developer/msbuild/2003">
  <ItemGroup>
    <Filter Include="Source Files">
      <UniqueIdentifier>{4FC737F1-C7A5-4376-A066-2A32D752A2FF}</UniqueIdentifier>
      <Extensions>cpp;c;cc;cxx;def;odl;idl;hpj;bat;asm;asmx</Extensions>
    </Filter>
    <Filter Include="Header Files">
      <UniqueIdentifier>{93995380-89BD-4b04-88EB-625FBE52EBFB}</UniqueIdentifier>
      <Extensions>h;hh;hpp;hxx;hm;inl;inc;xsd</Extensions>
    </Filter>
    <Filter Include="Resource Files">
      <UniqueIdentifier>{67DA6AB6-F800-4c08-8B7A-83BB121AAD01}</UniqueIdentifier>
      <Extensions>rc;ico;cur;bmp;dlg;rc2;rct;bin;rgs;gif;jpg;jpeg;jpe;resx;tiff;tif;png;wav;mfcribbon-ms</Extensions>
    </Filter>
    <Filter Include="Header Files\Factory">
      <UniqueIdentifier>{f74e6fd6-3808-4164-bc70-ff2e11b80995}</UniqueIdentifier>
    </Filter>
    <Filter Include="Source Files\Ships">
      <UniqueIdentifier>{4f21231c-7e82-4e22-a2ad-458c1d8903fe}</UniqueIdentifier>
    </Filter>
    <Filter Include="Header Files\Ship">
      <UniqueIdentifier>{301bceda-9064-4f65-a67c-a246b3b44b01}</UniqueIdentifier>
    </Filter>
    <Filter Include="Source Files\Factory">
      <UniqueIdentifier>{5257f257-00dc-4a99-967f-a5043243596c}</UniqueIdentifier>
    </Filter>
    <Filter Include="Header Files\Commands">
      <UniqueIdentifier>{f4e10058-b473-47b9-a8c9-de2c26a4b841}</UniqueIdentifier>
    </Filter>
  </ItemGroup>
  <ItemGroup>
    <ClCompile Include="Player.cpp">
      <Filter>Source Files</Filter>
    </ClCompile>
    <ClCompile Include="FourDeckShip.cpp">
      <Filter>Source Files\Ships</Filter>
    </ClCompile>
    <ClCompile Include="SingleDeckShip.cpp">
      <Filter>Source Files\Ships</Filter>
    </ClCompile>
    <ClCompile Include="ThreeDeckShip.cpp">
      <Filter>Source Files\Ships</Filter>
    </ClCompile>
    <ClCompile Include="Ships\Ship.cpp">
      <Filter>Source Files\Ships</Filter>
    </ClCompile>
    <ClCompile Include="View.cpp">
      <Filter>Source Files</Filter>
    </ClCompile>
    <ClCompile Include="Observable.cpp">
      <Filter>Source Files</Filter>
    </ClCompile>
    <ClCompile Include="Controller.cpp">
      <Filter>Source Files</Filter>
    </ClCompile>
    <ClCompile Include="Ships\DoubleDeckShip.cpp">
      <Filter>Source Files\Ships</Filter>
    </ClCompile>
    <ClCompile Include="Settings.cpp">
      <Filter>Source Files</Filter>
    </ClCompile>
    <ClCompile Include="main.cpp">
      <Filter>Source Files</Filter>
    </ClCompile>
    <ClCompile Include="GameModel.cpp">
      <Filter>Source Files</Filter>
    </ClCompile>
    <ClCompile Include="Factory\FactoryDoubleShip.cpp">
      <Filter>Source Files\Factory</Filter>
    </ClCompile>
    <ClCompile Include="Factory\FactoryFourShip.cpp">
      <Filter>Source Files\Factory</Filter>
    </ClCompile>
    <ClCompile Include="Factory\FactorySingleShip.cpp">
      <Filter>Source Files\Factory</Filter>
    </ClCompile>
    <ClCompile Include="Factory\FactoryThreeShip.cpp">
      <Filter>Source Files\Factory</Filter>
    </ClCompile>
    <ClCompile Include="PlayerHelper.cpp">
      <Filter>Source Files</Filter>
    </ClCompile>
  </ItemGroup>
  <ItemGroup>
    <ClInclude Include="Player.h">
      <Filter>Header Files</Filter>
    </ClInclude>
    <ClInclude Include="Ships\Ship.h">
      <Filter>Header Files\Ship</Filter>
    </ClInclude>
    <ClInclude Include="Ships\DoubleDeckShip.h">
      <Filter>Header Files\Ship</Filter>
    </ClInclude>
    <ClInclude Include="Ships\FourDeckShip.h">
      <Filter>Header Files\Ship</Filter>
    </ClInclude>
    <ClInclude Include="Ships\SingleDeckShip.h">
      <Filter>Header Files\Ship</Filter>
    </ClInclude>
    <ClInclude Include="Ships\ThreeDeckShip.h">
      <Filter>Header Files\Ship</Filter>
    </ClInclude>
    <ClInclude Include="Factory\FactoryDoubleShip.h">
      <Filter>Header Files\Factory</Filter>
    </ClInclude>
    <ClInclude Include="Factory\FactorySingleShip.h">
      <Filter>Header Files\Factory</Filter>
    </ClInclude>
    <ClInclude Include="Factory\FactoryThreeShip.h">
      <Filter>Header Files\Factory</Filter>
    </ClInclude>
    <ClInclude Include="Observer.h">
      <Filter>Header Files</Filter>
    </ClInclude>
    <ClInclude Include="Observable.h">
      <Filter>Header Files</Filter>
    </ClInclude>
    <ClInclude Include="Controller.h">
      <Filter>Header Files</Filter>
    </ClInclude>
    <ClInclude Include="Factory\FactoryFourShip.h">
      <Filter>Header Files\Factory</Filter>
    </ClInclude>
    <ClInclude Include="Factory\Factory.h">
      <Filter>Header Files\Factory</Filter>
    </ClInclude>
    <ClInclude Include="UnionFactory.h">
      <Filter>Resource Files</Filter>
    </ClInclude>
    <ClInclude Include="UnionHeader.h">
      <Filter>Resource Files</Filter>
    </ClInclude>
    <ClInclude Include="Constants.h">
      <Filter>Resource Files</Filter>
    </ClInclude>
    <ClInclude Include="IShipSettings.h">
      <Filter>Resource Files</Filter>
    </ClInclude>
    <ClInclude Include="Settings.h">
      <Filter>Header Files</Filter>
    </ClInclude>
    <ClInclude Include="View.h">
      <Filter>Header Files</Filter>
    </ClInclude>
    <ClInclude Include="GameModel.h">
      <Filter>Header Files</Filter>
    </ClInclude>
    <ClInclude Include="IPlayer.h">
      <Filter>Header Files</Filter>
    </ClInclude>
    <ClInclude Include="PlayerHelper.h">
      <Filter>Header Files</Filter>
    </ClInclude>
    <ClInclude Include="Command\Command.h">
      <Filter>Header Files\Commands</Filter>
    </ClInclude>
    <ClInclude Include="Command\FillLeftTopConnorCellCommand.h">
      <Filter>Header Files\Commands</Filter>
    </ClInclude>
  </ItemGroup>
</Project>