<?xml version="1.0" encoding="utf-8"?>
<Project ToolsVersion="4.0" xmlns="http://schemas.microsoft.com/developer/msbuild/2003">
  <ItemGroup>
    <None Include="ClassDiagram.cd" />
  </ItemGroup>
  <ItemGroup>
    <ClCompile Include="main.cpp" />
    <ClCompile Include="MVC\Controller.cpp">
      <Filter>MVC</Filter>
    </ClCompile>
    <ClCompile Include="MVC\View.cpp">
      <Filter>MVC</Filter>
    </ClCompile>
    <ClCompile Include="MVC\ViewModel.cpp">
      <Filter>MVC</Filter>
    </ClCompile>
  </ItemGroup>
  <ItemGroup>
    <Filter Include="MVC">
      <UniqueIdentifier>{22323ca6-619e-42ff-a94a-e9e1c2761522}</UniqueIdentifier>
    </Filter>
    <Filter Include="MVC\inc">
      <UniqueIdentifier>{d8a3b24c-eb84-4a07-8596-dd2a76a87180}</UniqueIdentifier>
    </Filter>
  </ItemGroup>
  <ItemGroup>
    <ClInclude Include="MVC\Controller.h">
      <Filter>MVC\inc</Filter>
    </ClInclude>
    <ClInclude Include="MVC\IController.h">
      <Filter>MVC\inc</Filter>
    </ClInclude>
    <ClInclude Include="MVC\IViewModel.h">
      <Filter>MVC\inc</Filter>
    </ClInclude>
    <ClInclude Include="MVC\View.h">
      <Filter>MVC\inc</Filter>
    </ClInclude>
    <ClInclude Include="MVC\ViewModel.h">
      <Filter>MVC\inc</Filter>
    </ClInclude>
  </ItemGroup>
</Project>